{
  "originHash" : "0e7190a5d52fe3457a0c16b2e9fd7572abc280f8bda19a3008660009b5f5c4e1",
  "pins" : [
    {
      "identity" : "weekscheduleview",
      "kind" : "remoteSourceControl",
      "location" : "https://github.com/SaudAlhafith/WeekScheduleView",
      "state" : {
        "branch" : "main",
        "revision" : "68d6c5873118052ed342bf27c6b4becac35c54a4"
      }
    }
  ],
  "version" : 3
}
