{
  "originHash" : "0e7190a5d52fe3457a0c16b2e9fd7572abc280f8bda19a3008660009b5f5c4e1",
  "pins" : [
    {
      "identity" : "weekscheduleview",
      "kind" : "remoteSourceControl",
      "location" : "https://github.com/SaudAlhafith/WeekScheduleView",
      "state" : {
        "branch" : "main",
        "revision" : "6654fec1aa2c332227b568d7b57e8e253c0067c8"
      }
    }
  ],
  "version" : 3
}
