{
  "originHash" : "9a749fa2f8edf0c828114028ca540c7408c33a8d1063c6c0ca36172af15a7f81",
  "pins" : [
    {
      "identity" : "weekscheduleview",
      "kind" : "remoteSourceControl",
      "location" : "https://github.com/SaudAlhafith/WeekScheduleView.git",
      "state" : {
        "branch" : "main",
        "revision" : "100f6edf074bfeb5e7eb69f2010a02da3781145a"
      }
    }
  ],
  "version" : 3
}
